{
  "name": "@raid-ledger/test-bot",
  "version": "0.1.0",
  "lockfileVersion": 3,
  "requires": true,
  "packages": {
    "": {
      "name": "@raid-ledger/test-bot",
      "version": "0.1.0",
      "dependencies": {
        "@discordjs/voice": "^0.19.2",
        "discord.js": "^14.26.4",
        "dotenv": "^17.4.2",
        "sodium-native": "^5.1.0"
      },
      "devDependencies": {
        "tsx": "^4.22.3",
        "typescript": "^6.0.3"
      }
    },
    "node_modules/@discordjs/builders": {
      "version": "1.14.1",
      "resolved": "https://registry.npmjs.org/@discordjs/builders/-/builders-1.14.1.tgz",
      "integrity": "sha512-gSKkhXLqs96TCzk66VZuHHl8z2bQMJFGwrXC0f33ngK+FLNau4hU1PYny3DNJfNdSH+gVMzE85/d5FQ2BpcNwQ==",
      "license": "Apache-2.0",
      "dependencies": {
        "@discordjs/formatters": "^0.6.2",
        "@discordjs/util": "^1.2.0",
        "@sapphire/shapeshift": "^4.0.0",
        "discord-api-types": "^0.38.40",
        "fast-deep-equal": "^3.1.3",
        "ts-mixer": "^6.0.4",
        "tslib": "^2.6.3"
      },
      "engines": {
        "node": ">=16.11.0"
      },
      "funding": {
        "url": "https://github.com/discordjs/discord.js?sponsor"
      }
    },
    "node_modules/@discordjs/collection": {
      "version": "1.5.3",
      "resolved": "https://registry.npmjs.org/@discordjs/collection/-/collection-1.5.3.tgz",
      "integrity": "sha512-SVb428OMd3WO1paV3rm6tSjM4wC+Kecaa1EUGX7vc6/fddvw/6lg90z4QtCqm21zvVe92vMMDt9+DkIvjXImQQ==",
      "license": "Apache-2.0",
      "engines": {
        "node": ">=16.11.0"
      }
    },
    "node_modules/@discordjs/formatters": {
      "version": "0.6.2",
      "resolved": "https://registry.npmjs.org/@discordjs/formatters/-/formatters-0.6.2.tgz",
      "integrity": "sha512-y4UPwWhH6vChKRkGdMB4odasUbHOUwy7KL+OVwF86PvT6QVOwElx+TiI1/6kcmcEe+g5YRXJFiXSXUdabqZOvQ==",
      "license": "Apache-2.0",
      "dependencies": {
        "discord-api-types": "^0.38.33"
      },
      "engines": {
        "node": ">=16.11.0"
      },
      "funding": {
        "url": "https://github.com/discordjs/discord.js?sponsor"
      }
    },
    "node_modules/@discordjs/rest": {
      "version": "2.6.1",
      "resolved": "https://registry.npmjs.org/@discordjs/rest/-/rest-2.6.1.tgz",
      "integrity": "sha512-wwQdgjeaoYFiaG+atbqx6aJDpqW7JHAo0HrQkBTbYzM3/PJ3GweQIpgElNcGZ26DCUOXMyawYd0YF7vtr+fZXg==",
      "license": "Apache-2.0",
      "dependencies": {
        "@discordjs/collection": "^2.1.1",
        "@discordjs/util": "^1.2.0",
        "@sapphire/async-queue": "^1.5.3",
        "@sapphire/snowflake": "^3.5.5",
        "@vladfrangu/async_event_emitter": "^2.4.6",
        "discord-api-types": "^0.38.40",
        "magic-bytes.js": "^1.13.0",
        "tslib": "^2.6.3",
        "undici": "6.24.1"
      },
      "engines": {
        "node": ">=18"
      },
      "funding": {
        "url": "https://github.com/discordjs/discord.js?sponsor"
      }
    },
    "node_modules/@discordjs/rest/node_modules/@discordjs/collection": {
      "version": "2.1.1",
      "resolved": "https://registry.npmjs.org/@discordjs/collection/-/collection-2.1.1.tgz",
      "integrity": "sha512-LiSusze9Tc7qF03sLCujF5iZp7K+vRNEDBZ86FT9aQAv3vxMLihUvKvpsCWiQ2DJq1tVckopKm1rxomgNUc9hg==",
      "license": "Apache-2.0",
      "engines": {
        "node": ">=18"
      },
      "funding": {
        "url": "https://github.com/discordjs/discord.js?sponsor"
      }
    },
    "node_modules/@discordjs/rest/node_modules/@sapphire/snowflake": {
      "version": "3.5.5",
      "resolved": "https://registry.npmjs.org/@sapphire/snowflake/-/snowflake-3.5.5.tgz",
      "integrity": "sha512-xzvBr1Q1c4lCe7i6sRnrofxeO1QTP/LKQ6A6qy0iB4x5yfiSfARMEQEghojzTNALDTcv8En04qYNIco9/K9eZQ==",
      "license": "MIT",
      "engines": {
        "node": ">=v14.0.0",
        "npm": ">=7.0.0"
      }
    },
    "node_modules/@discordjs/util": {
      "version": "1.2.0",
      "resolved": "https://registry.npmjs.org/@discordjs/util/-/util-1.2.0.tgz",
      "integrity": "sha512-3LKP7F2+atl9vJFhaBjn4nOaSWahZ/yWjOvA4e5pnXkt2qyXRCHLxoBQy81GFtLGCq7K9lPm9R517M1U+/90Qg==",
      "license": "Apache-2.0",
      "dependencies": {
        "discord-api-types": "^0.38.33"
      },
      "engines": {
        "node": ">=18"
      },
      "funding": {
        "url": "https://github.com/discordjs/discord.js?sponsor"
      }
    },
    "node_modules/@discordjs/voice": {
      "version": "0.19.2",
      "resolved": "https://registry.npmjs.org/@discordjs/voice/-/voice-0.19.2.tgz",
      "integrity": "sha512-3yJ255e4ag3wfZu/DSxeOZK1UtnqNxnspmLaQetGT0pDkThNZoHs+Zg6dgZZ19JEVomXygvfHn9lNpICZuYtEA==",
      "license": "Apache-2.0",
      "dependencies": {
        "@snazzah/davey": "^0.1.9",
        "@types/ws": "^8.18.1",
        "discord-api-types": "^0.38.41",
        "prism-media": "^1.3.5",
        "tslib": "^2.8.1",
        "ws": "^8.19.0"
      },
      "engines": {
        "node": ">=22.12.0"
      },
      "funding": {
        "url": "https://github.com/discordjs/discord.js?sponsor"
      }
    },
    "node_modules/@discordjs/ws": {
      "version": "1.2.3",
      "resolved": "https://registry.npmjs.org/@discordjs/ws/-/ws-1.2.3.tgz",
      "integrity": "sha512-wPlQDxEmlDg5IxhJPuxXr3Vy9AjYq5xCvFWGJyD7w7Np8ZGu+Mc+97LCoEc/+AYCo2IDpKioiH0/c/mj5ZR9Uw==",
      "license": "Apache-2.0",
      "dependencies": {
        "@discordjs/collection": "^2.1.0",
        "@discordjs/rest": "^2.5.1",
        "@discordjs/util": "^1.1.0",
        "@sapphire/async-queue": "^1.5.2",
        "@types/ws": "^8.5.10",
        "@vladfrangu/async_event_emitter": "^2.2.4",
        "discord-api-types": "^0.38.1",
        "tslib": "^2.6.2",
        "ws": "^8.17.0"
      },
      "engines": {
        "node": ">=16.11.0"
      },
      "funding": {
        "url": "https://github.com/discordjs/discord.js?sponsor"
      }
    },
    "node_modules/@discordjs/ws/node_modules/@discordjs/collection": {
      "version": "2.1.1",
      "resolved": "https://registry.npmjs.org/@discordjs/collection/-/collection-2.1.1.tgz",
      "integrity": "sha512-LiSusze9Tc7qF03sLCujF5iZp7K+vRNEDBZ86FT9aQAv3vxMLihUvKvpsCWiQ2DJq1tVckopKm1rxomgNUc9hg==",
      "license": "Apache-2.0",
      "engines": {
        "node": ">=18"
      },
      "funding": {
        "url": "https://github.com/discordjs/discord.js?sponsor"
      }
    },
    "node_modules/@emnapi/core": {
      "version": "1.9.0",
      "resolved": "https://registry.npmjs.org/@emnapi/core/-/core-1.9.0.tgz",
      "integrity": "sha512-0DQ98G9ZQZOxfUcQn1waV2yS8aWdZ6kJMbYCJB3oUBecjWYO1fqJ+a1DRfPF3O5JEkwqwP1A9QEN/9mYm2Yd0w==",
      "license": "MIT",
      "optional": true,
      "dependencies": {
        "@emnapi/wasi-threads": "1.2.0",
        "tslib": "^2.4.0"
      }
    },
    "node_modules/@emnapi/runtime": {
      "version": "1.9.0",
      "resolved": "https://registry.npmjs.org/@emnapi/runtime/-/runtime-1.9.0.tgz",
      "integrity": "sha512-QN75eB0IH2ywSpRpNddCRfQIhmJYBCJ1x5Lb3IscKAL8bMnVAKnRg8dCoXbHzVLLH7P38N2Z3mtulB7W0J0FKw==",
      "license": "MIT",
      "optional": true,
      "dependencies": {
        "tslib": "^2.4.0"
      }
    },
    "node_modules/@emnapi/wasi-threads": {
      "version": "1.2.0",
      "resolved": "https://registry.npmjs.org/@emnapi/wasi-threads/-/wasi-threads-1.2.0.tgz",
      "integrity": "sha512-N10dEJNSsUx41Z6pZsXU8FjPjpBEplgH24sfkmITrBED1/U2Esum9F3lfLrMjKHHjmi557zQn7kR9R+XWXu5Rg==",
      "license": "MIT",
      "optional": true,
      "dependencies": {
        "tslib": "^2.4.0"
      }
    },
    "node_modules/@esbuild/aix-ppc64": {
      "version": "0.28.0",
      "resolved": "https://registry.npmjs.org/@esbuild/aix-ppc64/-/aix-ppc64-0.28.0.tgz",
      "integrity": "sha512-lhRUCeuOyJQURhTxl4WkpFTjIsbDayJHih5kZC1giwE+MhIzAb7mEsQMqMf18rHLsrb5qI1tafG20mLxEWcWlA==",
      "cpu": [
        "ppc64"
      ],
      "dev": true,
      "license": "MIT",
      "optional": true,
      "os": [
        "aix"
      ],
      "engines": {
        "node": ">=18"
      }
    },
    "node_modules/@esbuild/android-arm": {
      "version": "0.28.0",
      "resolved": "https://registry.npmjs.org/@esbuild/android-arm/-/android-arm-0.28.0.tgz",
      "integrity": "sha512-wqh0ByljabXLKHeWXYLqoJ5jKC4XBaw6Hk08OfMrCRd2nP2ZQ5eleDZC41XHyCNgktBGYMbqnrJKq/K/lzPMSQ==",
      "cpu": [
        "arm"
      ],
      "dev": true,
      "license": "MIT",
      "optional": true,
      "os": [
        "android"
      ],
      "engines": {
        "node": ">=18"
      }
    },
    "node_modules/@esbuild/android-arm64": {
      "version": "0.28.0",
      "resolved": "https://registry.npmjs.org/@esbuild/android-arm64/-/android-arm64-0.28.0.tgz",
      "integrity": "sha512-+WzIXQOSaGs33tLEgYPYe/yQHf0WTU0X42Jca3y8NWMbUVhp7rUnw+vAsRC/QiDrdD31IszMrZy+qwPOPjd+rw==",
      "cpu": [
        "arm64"
      ],
      "dev": true,
      "license": "MIT",
      "optional": true,
      "os": [
        "android"
      ],
      "engines": {
        "node": ">=18"
      }
    },
    "node_modules/@esbuild/android-x64": {
      "version": "0.28.0",
      "resolved": "https://registry.npmjs.org/@esbuild/android-x64/-/android-x64-0.28.0.tgz",
      "integrity": "sha512-+VJggoaKhk2VNNqVL7f6S189UzShHC/mR9EE8rDdSkdpN0KflSwWY/gWjDrNxxisg8Fp1ZCD9jLMo4m0OUfeUA==",
      "cpu": [
        "x64"
      ],
      "dev": true,
      "license": "MIT",
      "optional": true,
      "os": [
        "android"
      ],
      "engines": {
        "node": ">=18"
      }
    },
    "node_modules/@esbuild/darwin-arm64": {
      "version": "0.28.0",
      "resolved": "https://registry.npmjs.org/@esbuild/darwin-arm64/-/darwin-arm64-0.28.0.tgz",
      "integrity": "sha512-0T+A9WZm+bZ84nZBtk1ckYsOvyA3x7e2Acj1KdVfV4/2tdG4fzUp91YHx+GArWLtwqp77pBXVCPn2We7Letr0Q==",
      "cpu": [
        "arm64"
      ],
      "dev": true,
      "license": "MIT",
      "optional": true,
      "os": [
        "darwin"
      ],
      "engines": {
        "node": ">=18"
      }
    },
    "node_modules/@esbuild/darwin-x64": {
      "version": "0.28.0",
      "resolved": "https://registry.npmjs.org/@esbuild/darwin-x64/-/darwin-x64-0.28.0.tgz",
      "integrity": "sha512-fyzLm/DLDl/84OCfp2f/XQ4flmORsjU7VKt8HLjvIXChJoFFOIL6pLJPH4Yhd1n1gGFF9mPwtlN5Wf82DZs+LQ==",
      "cpu": [
        "x64"
      ],
      "dev": true,
      "license": "MIT",
      "optional": true,
      "os": [
        "darwin"
      ],
      "engines": {
        "node": ">=18"
      }
    },
    "node_modules/@esbuild/freebsd-arm64": {
      "version": "0.28.0",
      "resolved": "https://registry.npmjs.org/@esbuild/freebsd-arm64/-/freebsd-arm64-0.28.0.tgz",
      "integrity": "sha512-l9GeW5UZBT9k9brBYI+0WDffcRxgHQD8ShN2Ur4xWq/NFzUKm3k5lsH4PdaRgb2w7mI9u61nr2gI2mLI27Nh3Q==",
      "cpu": [
        "arm64"
      ],
      "dev": true,
      "license": "MIT",
      "optional": true,
      "os": [
        "freebsd"
      ],
      "engines": {
        "node": ">=18"
      }
    },
    "node_modules/@esbuild/freebsd-x64": {
      "version": "0.28.0",
      "resolved": "https://registry.npmjs.org/@esbuild/freebsd-x64/-/freebsd-x64-0.28.0.tgz",
      "integrity": "sha512-BXoQai/A0wPO6Es3yFJ7APCiKGc1tdAEOgeTNy3SsB491S3aHn4S4r3e976eUnPdU+NbdtmBuLncYir2tMU9Nw==",
      "cpu": [
        "x64"
      ],
      "dev": true,
      "license": "MIT",
      "optional": true,
      "os": [
        "freebsd"
      ],
      "engines": {
        "node": ">=18"
      }
    },
    "node_modules/@esbuild/linux-arm": {
      "version": "0.28.0",
      "resolved": "https://registry.npmjs.org/@esbuild/linux-arm/-/linux-arm-0.28.0.tgz",
      "integrity": "sha512-CjaaREJagqJp7iTaNQjjidaNbCKYcd4IDkzbwwxtSvjI7NZm79qiHc8HqciMddQ6CKvJT6aBd8lO9kN/ZudLlw==",
      "cpu": [
        "arm"
      ],
      "dev": true,
      "license": "MIT",
      "optional": true,
      "os": [
        "linux"
      ],
      "engines": {
        "node": ">=18"
      }
    },
    "node_modules/@esbuild/linux-arm64": {
      "version": "0.28.0",
      "resolved": "https://registry.npmjs.org/@esbuild/linux-arm64/-/linux-arm64-0.28.0.tgz",
      "integrity": "sha512-RVyzfb3FWsGA55n6WY0MEIEPURL1FcbhFE6BffZEMEekfCzCIMtB5yyDcFnVbTnwk+CLAgTujmV/Lgvih56W+A==",
      "cpu": [
        "arm64"
      ],
      "dev": true,
      "license": "MIT",
      "optional": true,
      "os": [
        "linux"
      ],
      "engines": {
        "node": ">=18"
      }
    },
    "node_modules/@esbuild/linux-ia32": {
      "version": "0.28.0",
      "resolved": "https://registry.npmjs.org/@esbuild/linux-ia32/-/linux-ia32-0.28.0.tgz",
      "integrity": "sha512-KBnSTt1kxl9x70q+ydterVdl+Cn0H18ngRMRCEQfrbqdUuntQQ0LoMZv47uB97NljZFzY6HcfqEZ2SAyIUTQBQ==",
      "cpu": [
        "ia32"
      ],
      "dev": true,
      "license": "MIT",
      "optional": true,
      "os": [
        "linux"
      ],
      "engines": {
        "node": ">=18"
      }
    },
    "node_modules/@esbuild/linux-loong64": {
      "version": "0.28.0",
      "resolved": "https://registry.npmjs.org/@esbuild/linux-loong64/-/linux-loong64-0.28.0.tgz",
      "integrity": "sha512-zpSlUce1mnxzgBADvxKXX5sl8aYQHo2ezvMNI8I0lbblJtp8V4odlm3Yzlj7gPyt3T8ReksE6bK+pT3WD+aJRg==",
      "cpu": [
        "loong64"
      ],
      "dev": true,
      "license": "MIT",
      "optional": true,
      "os": [
        "linux"
      ],
      "engines": {
        "node": ">=18"
      }
    },
    "node_modules/@esbuild/linux-mips64el": {
      "version": "0.28.0",
      "resolved": "https://registry.npmjs.org/@esbuild/linux-mips64el/-/linux-mips64el-0.28.0.tgz",
      "integrity": "sha512-2jIfP6mmjkdmeTlsX/9vmdmhBmKADrWqN7zcdtHIeNSCH1SqIoNI63cYsjQR8J+wGa4Y5izRcSHSm8K3QWmk3w==",
      "cpu": [
        "mips64el"
      ],
      "dev": true,
      "license": "MIT",
      "optional": true,
      "os": [
        "linux"
      ],
      "engines": {
        "node": ">=18"
      }
    },
    "node_modules/@esbuild/linux-ppc64": {
      "version": "0.28.0",
      "resolved": "https://registry.npmjs.org/@esbuild/linux-ppc64/-/linux-ppc64-0.28.0.tgz",
      "integrity": "sha512-bc0FE9wWeC0WBm49IQMPSPILRocGTQt3j5KPCA8os6VprfuJ7KD+5PzESSrJ6GmPIPJK965ZJHTUlSA6GNYEhg==",
      "cpu": [
        "ppc64"
      ],
      "dev": true,
      "license": "MIT",
      "optional": true,
      "os": [
        "linux"
      ],
      "engines": {
        "node": ">=18"
      }
    },
    "node_modules/@esbuild/linux-riscv64": {
      "version": "0.28.0",
      "resolved": "https://registry.npmjs.org/@esbuild/linux-riscv64/-/linux-riscv64-0.28.0.tgz",
      "integrity": "sha512-SQPZOwoTTT/HXFXQJG/vBX8sOFagGqvZyXcgLA3NhIqcBv1BJU1d46c0rGcrij2B56Z2rNiSLaZOYW5cUk7yLQ==",
      "cpu": [
        "riscv64"
      ],
      "dev": true,
      "license": "MIT",
      "optional": true,
      "os": [
        "linux"
      ],
      "engines": {
        "node": ">=18"
      }
    },
    "node_modules/@esbuild/linux-s390x": {
      "version": "0.28.0",
      "resolved": "https://registry.npmjs.org/@esbuild/linux-s390x/-/linux-s390x-0.28.0.tgz",
      "integrity": "sha512-SCfR0HN8CEEjnYnySJTd2cw0k9OHB/YFzt5zgJEwa+wL/T/raGWYMBqwDNAC6dqFKmJYZoQBRfHjgwLHGSrn3Q==",
      "cpu": [
        "s390x"
      ],
      "dev": true,
      "license": "MIT",
      "optional": true,
      "os": [
        "linux"
      ],
      "engines": {
        "node": ">=18"
      }
    },
    "node_modules/@esbuild/linux-x64": {
      "version": "0.28.0",
      "resolved": "https://registry.npmjs.org/@esbuild/linux-x64/-/linux-x64-0.28.0.tgz",
      "integrity": "sha512-us0dSb9iFxIi8srnpl931Nvs65it/Jd2a2K3qs7fz2WfGPHqzfzZTfec7oxZJRNPXPnNYZtanmRc4AL/JwVzHQ==",
      "cpu": [
        "x64"
      ],
      "dev": true,
      "license": "MIT",
      "optional": true,
      "os": [
        "linux"
      ],
      "engines": {
        "node": ">=18"
      }
    },
    "node_modules/@esbuild/netbsd-arm64": {
      "version": "0.28.0",
      "resolved": "https://registry.npmjs.org/@esbuild/netbsd-arm64/-/netbsd-arm64-0.28.0.tgz",
      "integrity": "sha512-CR/RYotgtCKwtftMwJlUU7xCVNg3lMYZ0RzTmAHSfLCXw3NtZtNpswLEj/Kkf6kEL3Gw+BpOekRX0BYCtklhUw==",
      "cpu": [
        "arm64"
      ],
      "dev": true,
      "license": "MIT",
      "optional": true,
      "os": [
        "netbsd"
      ],
      "engines": {
        "node": ">=18"
      }
    },
    "node_modules/@esbuild/netbsd-x64": {
      "version": "0.28.0",
      "resolved": "https://registry.npmjs.org/@esbuild/netbsd-x64/-/netbsd-x64-0.28.0.tgz",
      "integrity": "sha512-nU1yhmYutL+fQ71Kxnhg8uEOdC0pwEW9entHykTgEbna2pw2dkbFSMeqjjyHZoCmt8SBkOSvV+yNmm94aUrrqw==",
      "cpu": [
        "x64"
      ],
      "dev": true,
      "license": "MIT",
      "optional": true,
      "os": [
        "netbsd"
      ],
      "engines": {
        "node": ">=18"
      }
    },
    "node_modules/@esbuild/openbsd-arm64": {
      "version": "0.28.0",
      "resolved": "https://registry.npmjs.org/@esbuild/openbsd-arm64/-/openbsd-arm64-0.28.0.tgz",
      "integrity": "sha512-cXb5vApOsRsxsEl4mcZ1XY3D4DzcoMxR/nnc4IyqYs0rTI8ZKmW6kyyg+11Z8yvgMfAEldKzP7AdP64HnSC/6g==",
      "cpu": [
        "arm64"
      ],
      "dev": true,
      "license": "MIT",
      "optional": true,
      "os": [
        "openbsd"
      ],
      "engines": {
        "node": ">=18"
      }
    },
    "node_modules/@esbuild/openbsd-x64": {
      "version": "0.28.0",
      "resolved": "https://registry.npmjs.org/@esbuild/openbsd-x64/-/openbsd-x64-0.28.0.tgz",
      "integrity": "sha512-8wZM2qqtv9UP3mzy7HiGYNH/zjTA355mpeuA+859TyR+e+Tc08IHYpLJuMsfpDJwoLo1ikIJI8jC3GFjnRClzA==",
      "cpu": [
        "x64"
      ],
      "dev": true,
      "license": "MIT",
      "optional": true,
      "os": [
        "openbsd"
      ],
      "engines": {
        "node": ">=18"
      }
    },
    "node_modules/@esbuild/openharmony-arm64": {
      "version": "0.28.0",
      "resolved": "https://registry.npmjs.org/@esbuild/openharmony-arm64/-/openharmony-arm64-0.28.0.tgz",
      "integrity": "sha512-FLGfyizszcef5C3YtoyQDACyg95+dndv79i2EekILBofh5wpCa1KuBqOWKrEHZg3zrL3t5ouE5jgr94vA+Wb2w==",
      "cpu": [
        "arm64"
      ],
      "dev": true,
      "license": "MIT",
      "optional": true,
      "os": [
        "openharmony"
      ],
      "engines": {
        "node": ">=18"
      }
    },
    "node_modules/@esbuild/sunos-x64": {
      "version": "0.28.0",
      "resolved": "https://registry.npmjs.org/@esbuild/sunos-x64/-/sunos-x64-0.28.0.tgz",
      "integrity": "sha512-1ZgjUoEdHZZl/YlV76TSCz9Hqj9h9YmMGAgAPYd+q4SicWNX3G5GCyx9uhQWSLcbvPW8Ni7lj4gDa1T40akdlw==",
      "cpu": [
        "x64"
      ],
      "dev": true,
      "license": "MIT",
      "optional": true,
      "os": [
        "sunos"
      ],
      "engines": {
        "node": ">=18"
      }
    },
    "node_modules/@esbuild/win32-arm64": {
      "version": "0.28.0",
      "resolved": "https://registry.npmjs.org/@esbuild/win32-arm64/-/win32-arm64-0.28.0.tgz",
      "integrity": "sha512-Q9StnDmQ/enxnpxCCLSg0oo4+34B9TdXpuyPeTedN/6+iXBJ4J+zwfQI28u/Jl40nOYAxGoNi7mFP40RUtkmUA==",
      "cpu": [
        "arm64"
      ],
      "dev": true,
      "license": "MIT",
      "optional": true,
      "os": [
        "win32"
      ],
      "engines": {
        "node": ">=18"
      }
    },
    "node_modules/@esbuild/win32-ia32": {
      "version": "0.28.0",
      "resolved": "https://registry.npmjs.org/@esbuild/win32-ia32/-/win32-ia32-0.28.0.tgz",
      "integrity": "sha512-zF3ag/gfiCe6U2iczcRzSYJKH1DCI+ByzSENHlM2FcDbEeo5Zd2C86Aq0tKUYAJJ1obRP84ymxIAksZUcdztHA==",
      "cpu": [
        "ia32"
      ],
      "dev": true,
      "license": "MIT",
      "optional": true,
      "os": [
        "win32"
      ],
      "engines": {
        "node": ">=18"
      }
    },
    "node_modules/@esbuild/win32-x64": {
      "version": "0.28.0",
      "resolved": "https://registry.npmjs.org/@esbuild/win32-x64/-/win32-x64-0.28.0.tgz",
      "integrity": "sha512-pEl1bO9mfAmIC+tW5btTmrKaujg3zGtUmWNdCw/xs70FBjwAL3o9OEKNHvNmnyylD6ubxUERiEhdsL0xBQ9efw==",
      "cpu": [
        "x64"
      ],
      "dev": true,
      "license": "MIT",
      "optional": true,
      "os": [
        "win32"
      ],
      "engines": {
        "node": ">=18"
      }
    },
    "node_modules/@napi-rs/wasm-runtime": {
      "version": "1.1.1",
      "resolved": "https://registry.npmjs.org/@napi-rs/wasm-runtime/-/wasm-runtime-1.1.1.tgz",
      "integrity": "sha512-p64ah1M1ld8xjWv3qbvFwHiFVWrq1yFvV4f7w+mzaqiR4IlSgkqhcRdHwsGgomwzBH51sRY4NEowLxnaBjcW/A==",
      "license": "MIT",
      "optional": true,
      "dependencies": {
        "@emnapi/core": "^1.7.1",
        "@emnapi/runtime": "^1.7.1",
        "@tybys/wasm-util": "^0.10.1"
      },
      "funding": {
        "type": "github",
        "url": "https://github.com/sponsors/Brooooooklyn"
      }
    },
    "node_modules/@sapphire/async-queue": {
      "version": "1.5.5",
      "resolved": "https://registry.npmjs.org/@sapphire/async-queue/-/async-queue-1.5.5.tgz",
      "integrity": "sha512-cvGzxbba6sav2zZkH8GPf2oGk9yYoD5qrNWdu9fRehifgnFZJMV+nuy2nON2roRO4yQQ+v7MK/Pktl/HgfsUXg==",
      "license": "MIT",
      "engines": {
        "node": ">=v14.0.0",
        "npm": ">=7.0.0"
      }
    },
    "node_modules/@sapphire/shapeshift": {
      "version": "4.0.0",
      "resolved": "https://registry.npmjs.org/@sapphire/shapeshift/-/shapeshift-4.0.0.tgz",
      "integrity": "sha512-d9dUmWVA7MMiKobL3VpLF8P2aeanRTu6ypG2OIaEv/ZHH/SUQ2iHOVyi5wAPjQ+HmnMuL0whK9ez8I/raWbtIg==",
      "license": "MIT",
      "dependencies": {
        "fast-deep-equal": "^3.1.3",
        "lodash": "^4.17.21"
      },
      "engines": {
        "node": ">=v16"
      }
    },
    "node_modules/@sapphire/snowflake": {
      "version": "3.5.3",
      "resolved": "https://registry.npmjs.org/@sapphire/snowflake/-/snowflake-3.5.3.tgz",
      "integrity": "sha512-jjmJywLAFoWeBi1W7994zZyiNWPIiqRRNAmSERxyg93xRGzNYvGjlZ0gR6x0F4gPRi2+0O6S71kOZYyr3cxaIQ==",
      "license": "MIT",
      "engines": {
        "node": ">=v14.0.0",
        "npm": ">=7.0.0"
      }
    },
    "node_modules/@snazzah/davey": {
      "version": "0.1.10",
      "resolved": "https://registry.npmjs.org/@snazzah/davey/-/davey-0.1.10.tgz",
      "integrity": "sha512-J5f7vV5/tnj0xGnqufFRd6qiWn3FcR3iXjpjpEmO2Ok+Io0AASkMaZ3I39TsL45as0Qo5bq9wWuamFQ77PjJ+g==",
      "license": "MIT",
      "engines": {
        "node": ">= 10"
      },
      "funding": {
        "url": "https://github.com/sponsors/Snazzah"
      },
      "optionalDependencies": {
        "@snazzah/davey-android-arm-eabi": "0.1.10",
        "@snazzah/davey-android-arm64": "0.1.10",
        "@snazzah/davey-darwin-arm64": "0.1.10",
        "@snazzah/davey-darwin-x64": "0.1.10",
        "@snazzah/davey-freebsd-x64": "0.1.10",
        "@snazzah/davey-linux-arm-gnueabihf": "0.1.10",
        "@snazzah/davey-linux-arm64-gnu": "0.1.10",
        "@snazzah/davey-linux-arm64-musl": "0.1.10",
        "@snazzah/davey-linux-x64-gnu": "0.1.10",
        "@snazzah/davey-linux-x64-musl": "0.1.10",
        "@snazzah/davey-wasm32-wasi": "0.1.10",
        "@snazzah/davey-win32-arm64-msvc": "0.1.10",
        "@snazzah/davey-win32-ia32-msvc": "0.1.10",
        "@snazzah/davey-win32-x64-msvc": "0.1.10"
      }
    },
    "node_modules/@snazzah/davey-android-arm-eabi": {
      "version": "0.1.10",
      "resolved": "https://registry.npmjs.org/@snazzah/davey-android-arm-eabi/-/davey-android-arm-eabi-0.1.10.tgz",
      "integrity": "sha512-7bwHxSNEI2wVXOT6xnmpnO9SHb2xwAnf9oEdL45dlfVHTgU1Okg5rwGwRvZ2aLVFFbTyecfC8EVZyhpyTkjLSw==",
      "cpu": [
        "arm"
      ],
      "license": "MIT",
      "optional": true,
      "os": [
        "android"
      ],
      "engines": {
        "node": ">= 10"
      }
    },
    "node_modules/@snazzah/davey-android-arm64": {
      "version": "0.1.10",
      "resolved": "https://registry.npmjs.org/@snazzah/davey-android-arm64/-/davey-android-arm64-0.1.10.tgz",
      "integrity": "sha512-68WUf2LQwQTP9MgPcCqTWwJztJSIk0keGfF2Y/b+MihSDh29fYJl7C0rbz69aUrVCvCC2lYkB/46P8X1kBz7yg==",
      "cpu": [
        "arm64"
      ],
      "license": "MIT",
      "optional": true,
      "os": [
        "android"
      ],
      "engines": {
        "node": ">= 10"
      }
    },
    "node_modules/@snazzah/davey-darwin-arm64": {
      "version": "0.1.10",
      "resolved": "https://registry.npmjs.org/@snazzah/davey-darwin-arm64/-/davey-darwin-arm64-0.1.10.tgz",
      "integrity": "sha512-nYC+DWCGUC1jUGEenCNQE/jJpL/02m0ebY/NvTCQbul5ktI/ShVzgA3kzssEhZvhf6jbH048Rs39wDhp/b24Jg==",
      "cpu": [
        "arm64"
      ],
      "license": "MIT",
      "optional": true,
      "os": [
        "darwin"
      ],
      "engines": {
        "node": ">= 10"
      }
    },
    "node_modules/@snazzah/davey-darwin-x64": {
      "version": "0.1.10",
      "resolved": "https://registry.npmjs.org/@snazzah/davey-darwin-x64/-/davey-darwin-x64-0.1.10.tgz",
      "integrity": "sha512-0q5Rrcs+O9sSSnPX+A3R3djEQs2nTAtMe5N3lApO6lZas/QNMl6wkEWCvTbDc2cfAYBMSk2jgc1awlRXi4LX3Q==",
      "cpu": [
        "x64"
      ],
      "license": "MIT",
      "optional": true,
      "os": [
        "darwin"
      ],
      "engines": {
        "node": ">= 10"
      }
    },
    "node_modules/@snazzah/davey-freebsd-x64": {
      "version": "0.1.10",
      "resolved": "https://registry.npmjs.org/@snazzah/davey-freebsd-x64/-/davey-freebsd-x64-0.1.10.tgz",
      "integrity": "sha512-/Gq5YDD6Oz8iBqVJLswUnetCv9JCRo1quYX5ujzpAG8zPCNItZo4g4h5p9C+h4Yoay2quWBYhoaVqQKT96bm8g==",
      "cpu": [
        "x64"
      ],
      "license": "MIT",
      "optional": true,
      "os": [
        "freebsd"
      ],
      "engines": {
        "node": ">= 10"
      }
    },
    "node_modules/@snazzah/davey-linux-arm-gnueabihf": {
      "version": "0.1.10",
      "resolved": "https://registry.npmjs.org/@snazzah/davey-linux-arm-gnueabihf/-/davey-linux-arm-gnueabihf-0.1.10.tgz",
      "integrity": "sha512-0Z7Vrt0WIbgxws9CeHB9qlueYJlvltI44rUuZmysdi70UcHGxlr7nE3MnzYCr9nRWRegohn8EQPWHMKMDJH2GA==",
      "cpu": [
        "arm"
      ],
      "license": "MIT",
      "optional": true,
      "os": [
        "linux"
      ],
      "engines": {
        "node": ">= 10"
      }
    },
    "node_modules/@snazzah/davey-linux-arm64-gnu": {
      "version": "0.1.10",
      "resolved": "https://registry.npmjs.org/@snazzah/davey-linux-arm64-gnu/-/davey-linux-arm64-gnu-0.1.10.tgz",
      "integrity": "sha512-xhZQycn4QB+qXhqm/QmZ+kb9MHMXcbjjoPfvcIL4WMQXFG/zUWHW8EiBk7ZTEGMOpeab3F9D1+MlgumglYByUQ==",
      "cpu": [
        "arm64"
      ],
      "license": "MIT",
      "optional": true,
      "os": [
        "linux"
      ],
      "engines": {
        "node": ">= 10"
      }
    },
    "node_modules/@snazzah/davey-linux-arm64-musl": {
      "version": "0.1.10",
      "resolved": "https://registry.npmjs.org/@snazzah/davey-linux-arm64-musl/-/davey-linux-arm64-musl-0.1.10.tgz",
      "integrity": "sha512-pudzQCP9rZItwW4qHHvciMwtNd9kWH4l73g6Id1LRpe6sc8jiFBV7W+YXITj2PZbI0by6XPfkRP6Dk5IkGOuAw==",
      "cpu": [
        "arm64"
      ],
      "license": "MIT",
      "optional": true,
      "os": [
        "linux"
      ],
      "engines": {
        "node": ">= 10"
      }
    },
    "node_modules/@snazzah/davey-linux-x64-gnu": {
      "version": "0.1.10",
      "resolved": "https://registry.npmjs.org/@snazzah/davey-linux-x64-gnu/-/davey-linux-x64-gnu-0.1.10.tgz",
      "integrity": "sha512-DC8qRmk+xJEFNqjxKB46cETKeDQqgUqE5p39KXS2k6Vl/XTi8pw8pXOxrPfYte5neoqlWAVQzbxuLnwpyRJVEQ==",
      "cpu": [
        "x64"
      ],
      "license": "MIT",
      "optional": true,
      "os": [
        "linux"
      ],
      "engines": {
        "node": ">= 10"
      }
    },
    "node_modules/@snazzah/davey-linux-x64-musl": {
      "version": "0.1.10",
      "resolved": "https://registry.npmjs.org/@snazzah/davey-linux-x64-musl/-/davey-linux-x64-musl-0.1.10.tgz",
      "integrity": "sha512-wPR5/2QmsF7sR0WUaCwbk4XI3TLcxK9PVK8mhgcAYyuRpbhcVgNGWXs8ulcyMSXve5pFRJAFAuMTGCEb014peg==",
      "cpu": [
        "x64"
      ],
      "license": "MIT",
      "optional": true,
      "os": [
        "linux"
      ],
      "engines": {
        "node": ">= 10"
      }
    },
    "node_modules/@snazzah/davey-wasm32-wasi": {
      "version": "0.1.10",
      "resolved": "https://registry.npmjs.org/@snazzah/davey-wasm32-wasi/-/davey-wasm32-wasi-0.1.10.tgz",
      "integrity": "sha512-SfQavU+eKTDbRmPeLRodrVSfsWq25PYTmH1nIZW3B27L6IkijzjXZZuxiU1ZG1gdI5fB7mwXrOTtx34t+vAG7Q==",
      "cpu": [
        "wasm32"
      ],
      "license": "MIT",
      "optional": true,
      "dependencies": {
        "@napi-rs/wasm-runtime": "^1.1.1"
      },
      "engines": {
        "node": ">=14.0.0"
      }
    },
    "node_modules/@snazzah/davey-win32-arm64-msvc": {
      "version": "0.1.10",
      "resolved": "https://registry.npmjs.org/@snazzah/davey-win32-arm64-msvc/-/davey-win32-arm64-msvc-0.1.10.tgz",
      "integrity": "sha512-Raafk53smYs67wZCY9bQXHXzbaiRMS5QCdjTdin3D9fF5A06T/0Zv1z7/YnaN+O3GSL/Ou3RvynF7SziToYiFQ==",
      "cpu": [
        "arm64"
      ],
      "license": "MIT",
      "optional": true,
      "os": [
        "win32"
      ],
      "engines": {
        "node": ">= 10"
      }
    },
    "node_modules/@snazzah/davey-win32-ia32-msvc": {
      "version": "0.1.10",
      "resolved": "https://registry.npmjs.org/@snazzah/davey-win32-ia32-msvc/-/davey-win32-ia32-msvc-0.1.10.tgz",
      "integrity": "sha512-pAs43l/DiZ+icqBwxIwNePzuYxFM1ZblVuf7t6vwwSLxvova7vnREnU7qDVjbc5/YTUHOsqYy3S6TpZMzDo2lw==",
      "cpu": [
        "ia32"
      ],
      "license": "MIT",
      "optional": true,
      "os": [
        "win32"
      ],
      "engines": {
        "node": ">= 10"
      }
    },
    "node_modules/@snazzah/davey-win32-x64-msvc": {
      "version": "0.1.10",
      "resolved": "https://registry.npmjs.org/@snazzah/davey-win32-x64-msvc/-/davey-win32-x64-msvc-0.1.10.tgz",
      "integrity": "sha512-kr6148VVBoUT4CtD+5hYshTFRny7R/xQZxXFhFc0fYjtmdMVM8Px9M91olg1JFNxuNzdfMfTufR58Q3wfBocug==",
      "cpu": [
        "x64"
      ],
      "license": "MIT",
      "optional": true,
      "os": [
        "win32"
      ],
      "engines": {
        "node": ">= 10"
      }
    },
    "node_modules/@tybys/wasm-util": {
      "version": "0.10.1",
      "resolved": "https://registry.npmjs.org/@tybys/wasm-util/-/wasm-util-0.10.1.tgz",
      "integrity": "sha512-9tTaPJLSiejZKx+Bmog4uSubteqTvFrVrURwkmHixBo0G4seD0zUxp98E1DzUBJxLQ3NPwXrGKDiVjwx/DpPsg==",
      "license": "MIT",
      "optional": true,
      "dependencies": {
        "tslib": "^2.4.0"
      }
    },
    "node_modules/@types/node": {
      "version": "25.5.0",
      "resolved": "https://registry.npmjs.org/@types/node/-/node-25.5.0.tgz",
      "integrity": "sha512-jp2P3tQMSxWugkCUKLRPVUpGaL5MVFwF8RDuSRztfwgN1wmqJeMSbKlnEtQqU8UrhTmzEmZdu2I6v2dpp7XIxw==",
      "license": "MIT",
      "dependencies": {
        "undici-types": "~7.18.0"
      }
    },
    "node_modules/@types/ws": {
      "version": "8.18.1",
      "resolved": "https://registry.npmjs.org/@types/ws/-/ws-8.18.1.tgz",
      "integrity": "sha512-ThVF6DCVhA8kUGy+aazFQ4kXQ7E1Ty7A3ypFOe0IcJV8O/M511G99AW24irKrW56Wt44yG9+ij8FaqoBGkuBXg==",
      "license": "MIT",
      "dependencies": {
        "@types/node": "*"
      }
    },
    "node_modules/@vladfrangu/async_event_emitter": {
      "version": "2.4.7",
      "resolved": "https://registry.npmjs.org/@vladfrangu/async_event_emitter/-/async_event_emitter-2.4.7.tgz",
      "integrity": "sha512-Xfe6rpCTxSxfbswi/W/Pz7zp1WWSNn4A0eW4mLkQUewCrXXtMj31lCg+iQyTkh/CkusZSq9eDflu7tjEDXUY6g==",
      "license": "MIT",
      "engines": {
        "node": ">=v14.0.0",
        "npm": ">=7.0.0"
      }
    },
    "node_modules/b4a": {
      "version": "1.8.1",
      "resolved": "https://registry.npmjs.org/b4a/-/b4a-1.8.1.tgz",
      "integrity": "sha512-aiqre1Nr0B/6DgE2N5vwTc+2/oQZ4Wh1t4NznYY4E00y8LCt6NqdRv81so00oo27D8MVKTpUa/MwUUtBLXCoDw==",
      "license": "Apache-2.0",
      "peerDependencies": {
        "react-native-b4a": "*"
      },
      "peerDependenciesMeta": {
        "react-native-b4a": {
          "optional": true
        }
      }
    },
    "node_modules/bare-addon-resolve": {
      "version": "1.10.0",
      "resolved": "https://registry.npmjs.org/bare-addon-resolve/-/bare-addon-resolve-1.10.0.tgz",
      "integrity": "sha512-sSd0jieRJlDaODOzj0oe0RjFVC1QI0ZIjGIdPkbrTXsdVVtENg14c+lHHAhHwmWCZ2nQlMhy8jA3Y5LYPc/isA==",
      "license": "Apache-2.0",
      "dependencies": {
        "bare-module-resolve": "^1.10.0",
        "bare-semver": "^1.0.0"
      },
      "peerDependencies": {
        "bare-url": "*"
      },
      "peerDependenciesMeta": {
        "bare-url": {
          "optional": true
        }
      }
    },
    "node_modules/bare-ansi-escapes": {
      "version": "2.2.3",
      "resolved": "https://registry.npmjs.org/bare-ansi-escapes/-/bare-ansi-escapes-2.2.3.tgz",
      "integrity": "sha512-02ES4/E2RbrtZSnHJ9LntBhYkLA6lPpSEeP8iqS3MccBIVhVBlEmruF1I7HZqx5Q8aiTeYfQVeqmrU9YO2yYoQ==",
      "license": "Apache-2.0",
      "dependencies": {
        "bare-stream": "^2.6.5"
      },
      "peerDependencies": {
        "bare-buffer": "*"
      },
      "peerDependenciesMeta": {
        "bare-buffer": {
          "optional": true
        }
      }
    },
    "node_modules/bare-assert": {
      "version": "1.2.0",
      "resolved": "https://registry.npmjs.org/bare-assert/-/bare-assert-1.2.0.tgz",
      "integrity": "sha512-c6uvgvTJBspTDxtVnPgrBKmLgcpW3Fp72NVKDLg6oT4QjQbhGtvrkHMhGYMK1sh4vjBHOBmuUalyt9hSzV37fQ==",
      "license": "Apache-2.0",
      "dependencies": {
        "bare-inspect": "^3.1.2"
      }
    },
    "node_modules/bare-events": {
      "version": "2.8.2",
      "resolved": "https://registry.npmjs.org/bare-events/-/bare-events-2.8.2.tgz",
      "integrity": "sha512-riJjyv1/mHLIPX4RwiK+oW9/4c3TEUeORHKefKAKnZ5kyslbN+HXowtbaVEqt4IMUB7OXlfixcs6gsFeo/jhiQ==",
      "license": "Apache-2.0",
      "peerDependencies": {
        "bare-abort-controller": "*"
      },
      "peerDependenciesMeta": {
        "bare-abort-controller": {
          "optional": true
        }
      }
    },
    "node_modules/bare-inspect": {
      "version": "3.1.4",
      "resolved": "https://registry.npmjs.org/bare-inspect/-/bare-inspect-3.1.4.tgz",
      "integrity": "sha512-jfW5KRA84o3REpI6Vr4nbvMn+hqVAw8GU1mMdRwUsY5yJovQamxYeKGVKGqdzs+8ZbG4jRzGUXP/3Ji/DnqfPg==",
      "license": "Apache-2.0",
      "dependencies": {
        "bare-ansi-escapes": "^2.1.0",
        "bare-type": "^1.0.0"
      },
      "engines": {
        "bare": ">=1.18.0"
      }
    },
    "node_modules/bare-module-resolve": {
      "version": "1.12.1",
      "resolved": "https://registry.npmjs.org/bare-module-resolve/-/bare-module-resolve-1.12.1.tgz",
      "integrity": "sha512-hbmAPyFpEq8FoZMd5sFO3u6MC5feluWoGE8YKlA8fCrl6mNtx68Wjg4DTiDJcqRJaovTvOYKfYngoBUnbaT7eg==",
      "license": "Apache-2.0",
      "dependencies": {
        "bare-semver": "^1.0.0"
      },
      "peerDependencies": {
        "bare-url": "*"
      },
      "peerDependenciesMeta": {
        "bare-url": {
          "optional": true
        }
      }
    },
    "node_modules/bare-semver": {
      "version": "1.0.2",
      "resolved": "https://registry.npmjs.org/bare-semver/-/bare-semver-1.0.2.tgz",
      "integrity": "sha512-ESVaN2nzWhcI5tf3Zzcq9aqCZ676VWzqw07eEZ0qxAcEOAFYBa0pWq8sK34OQeHLY3JsfKXZS9mDyzyxGjeLzA==",
      "license": "Apache-2.0"
    },
    "node_modules/bare-stream": {
      "version": "2.13.1",
      "resolved": "https://registry.npmjs.org/bare-stream/-/bare-stream-2.13.1.tgz",
      "integrity": "sha512-Vp0cnjYyrEC4whYTymQ+YZi6pBpfiICZO3cfRG8sy67ZNWe951urv1x4eW1BKNngw3U+3fPYb5JQvHbCtxH7Ow==",
      "license": "Apache-2.0",
      "dependencies": {
        "streamx": "^2.25.0",
        "teex": "^1.0.1"
      },
      "peerDependencies": {
        "bare-abort-controller": "*",
        "bare-buffer": "*",
        "bare-events": "*"
      },
      "peerDependenciesMeta": {
        "bare-abort-controller": {
          "optional": true
        },
        "bare-buffer": {
          "optional": true
        },
        "bare-events": {
          "optional": true
        }
      }
    },
    "node_modules/bare-type": {
      "version": "1.1.0",
      "resolved": "https://registry.npmjs.org/bare-type/-/bare-type-1.1.0.tgz",
      "integrity": "sha512-LdtnnEEYldOc87Dr4GpsKnStStZk3zfgoEMXy8yvEZkXrcCv9RtYDrUYWFsBQHtaB0s1EUWmcvS6XmEZYIj3Bw==",
      "license": "Apache-2.0",
      "engines": {
        "bare": ">=1.2.0"
      }
    },
    "node_modules/discord-api-types": {
      "version": "0.38.42",
      "resolved": "https://registry.npmjs.org/discord-api-types/-/discord-api-types-0.38.42.tgz",
      "integrity": "sha512-qs1kya7S84r5RR8m9kgttywGrmmoHaRifU1askAoi+wkoSefLpZP6aGXusjNw5b0jD3zOg3LTwUa3Tf2iHIceQ==",
      "license": "MIT",
      "workspaces": [
        "scripts/actions/documentation"
      ]
    },
    "node_modules/discord.js": {
      "version": "14.26.4",
      "resolved": "https://registry.npmjs.org/discord.js/-/discord.js-14.26.4.tgz",
      "integrity": "sha512-4oBp8tc6Kf8IDBwAHhbsMaAqx1b5fob9SNasZT7V6yyyUydoO5i5fGuX7TmvRtR+q/WgKRnRViRoAWnG7fNyvA==",
      "license": "Apache-2.0",
      "dependencies": {
        "@discordjs/builders": "^1.14.1",
        "@discordjs/collection": "1.5.3",
        "@discordjs/formatters": "^0.6.2",
        "@discordjs/rest": "^2.6.1",
        "@discordjs/util": "^1.2.0",
        "@discordjs/ws": "^1.2.3",
        "@sapphire/snowflake": "3.5.3",
        "discord-api-types": "^0.38.40",
        "fast-deep-equal": "3.1.3",
        "lodash.snakecase": "4.1.1",
        "magic-bytes.js": "^1.13.0",
        "tslib": "^2.6.3",
        "undici": "6.24.1"
      },
      "engines": {
        "node": ">=18"
      },
      "funding": {
        "url": "https://github.com/discordjs/discord.js?sponsor"
      }
    },
    "node_modules/dotenv": {
      "version": "17.4.2",
      "resolved": "https://registry.npmjs.org/dotenv/-/dotenv-17.4.2.tgz",
      "integrity": "sha512-nI4U3TottKAcAD9LLud4Cb7b2QztQMUEfHbvhTH09bqXTxnSie8WnjPALV/WMCrJZ6UV/qHJ6L03OqO3LcdYZw==",
      "license": "BSD-2-Clause",
      "engines": {
        "node": ">=12"
      },
      "funding": {
        "url": "https://dotenvx.com"
      }
    },
    "node_modules/esbuild": {
      "version": "0.28.0",
      "resolved": "https://registry.npmjs.org/esbuild/-/esbuild-0.28.0.tgz",
      "integrity": "sha512-sNR9MHpXSUV/XB4zmsFKN+QgVG82Cc7+/aaxJ8Adi8hyOac+EXptIp45QBPaVyX3N70664wRbTcLTOemCAnyqw==",
      "dev": true,
      "hasInstallScript": true,
      "license": "MIT",
      "bin": {
        "esbuild": "bin/esbuild"
      },
      "engines": {
        "node": ">=18"
      },
      "optionalDependencies": {
        "@esbuild/aix-ppc64": "0.28.0",
        "@esbuild/android-arm": "0.28.0",
        "@esbuild/android-arm64": "0.28.0",
        "@esbuild/android-x64": "0.28.0",
        "@esbuild/darwin-arm64": "0.28.0",
        "@esbuild/darwin-x64": "0.28.0",
        "@esbuild/freebsd-arm64": "0.28.0",
        "@esbuild/freebsd-x64": "0.28.0",
        "@esbuild/linux-arm": "0.28.0",
        "@esbuild/linux-arm64": "0.28.0",
        "@esbuild/linux-ia32": "0.28.0",
        "@esbuild/linux-loong64": "0.28.0",
        "@esbuild/linux-mips64el": "0.28.0",
        "@esbuild/linux-ppc64": "0.28.0",
        "@esbuild/linux-riscv64": "0.28.0",
        "@esbuild/linux-s390x": "0.28.0",
        "@esbuild/linux-x64": "0.28.0",
        "@esbuild/netbsd-arm64": "0.28.0",
        "@esbuild/netbsd-x64": "0.28.0",
        "@esbuild/openbsd-arm64": "0.28.0",
        "@esbuild/openbsd-x64": "0.28.0",
        "@esbuild/openharmony-arm64": "0.28.0",
        "@esbuild/sunos-x64": "0.28.0",
        "@esbuild/win32-arm64": "0.28.0",
        "@esbuild/win32-ia32": "0.28.0",
        "@esbuild/win32-x64": "0.28.0"
      }
    },
    "node_modules/events-universal": {
      "version": "1.0.1",
      "resolved": "https://registry.npmjs.org/events-universal/-/events-universal-1.0.1.tgz",
      "integrity": "sha512-LUd5euvbMLpwOF8m6ivPCbhQeSiYVNb8Vs0fQ8QjXo0JTkEHpz8pxdQf0gStltaPpw0Cca8b39KxvK9cfKRiAw==",
      "license": "Apache-2.0",
      "dependencies": {
        "bare-events": "^2.7.0"
      }
    },
    "node_modules/fast-deep-equal": {
      "version": "3.1.3",
      "resolved": "https://registry.npmjs.org/fast-deep-equal/-/fast-deep-equal-3.1.3.tgz",
      "integrity": "sha512-f3qQ9oQy9j2AhBe/H9VC91wLmKBCCU/gDOnKNAYG5hswO7BLKj09Hc5HYNz9cGI++xlpDCIgDaitVs03ATR84Q==",
      "license": "MIT"
    },
    "node_modules/fast-fifo": {
      "version": "1.3.2",
      "resolved": "https://registry.npmjs.org/fast-fifo/-/fast-fifo-1.3.2.tgz",
      "integrity": "sha512-/d9sfos4yxzpwkDkuN7k2SqFKtYNmCTzgfEpz82x34IM9/zc8KGxQoXg1liNC/izpRM/MBdt44Nmx41ZWqk+FQ==",
      "license": "MIT"
    },
    "node_modules/fsevents": {
      "version": "2.3.3",
      "resolved": "https://registry.npmjs.org/fsevents/-/fsevents-2.3.3.tgz",
      "integrity": "sha512-5xoDfX+fL7faATnagmWPpbFtwh/R77WmMMqqHGS65C3vvB0YHrgF+B1YmZ3441tMj5n63k0212XNoJwzlhffQw==",
      "dev": true,
      "hasInstallScript": true,
      "license": "MIT",
      "optional": true,
      "os": [
        "darwin"
      ],
      "engines": {
        "node": "^8.16.0 || ^10.6.0 || >=11.0.0"
      }
    },
    "node_modules/lodash": {
      "version": "4.18.1",
      "resolved": "https://registry.npmjs.org/lodash/-/lodash-4.18.1.tgz",
      "integrity": "sha512-dMInicTPVE8d1e5otfwmmjlxkZoUpiVLwyeTdUsi/Caj/gfzzblBcCE5sRHV/AsjuCmxWrte2TNGSYuCeCq+0Q==",
      "license": "MIT"
    },
    "node_modules/lodash.snakecase": {
      "version": "4.1.1",
      "resolved": "https://registry.npmjs.org/lodash.snakecase/-/lodash.snakecase-4.1.1.tgz",
      "integrity": "sha512-QZ1d4xoBHYUeuouhEq3lk3Uq7ldgyFXGBhg04+oRLnIz8o9T65Eh+8YdroUwn846zchkA9yDsDl5CVVaV2nqYw==",
      "license": "MIT"
    },
    "node_modules/magic-bytes.js": {
      "version": "1.13.0",
      "resolved": "https://registry.npmjs.org/magic-bytes.js/-/magic-bytes.js-1.13.0.tgz",
      "integrity": "sha512-afO2mnxW7GDTXMm5/AoN1WuOcdoKhtgXjIvHmobqTD1grNplhGdv3PFOyjCVmrnOZBIT/gD/koDKpYG+0mvHcg==",
      "license": "MIT"
    },
    "node_modules/prism-media": {
      "version": "1.3.5",
      "resolved": "https://registry.npmjs.org/prism-media/-/prism-media-1.3.5.tgz",
      "integrity": "sha512-IQdl0Q01m4LrkN1EGIE9lphov5Hy7WWlH6ulf5QdGePLlPas9p2mhgddTEHrlaXYjjFToM1/rWuwF37VF4taaA==",
      "license": "Apache-2.0",
      "peerDependencies": {
        "@discordjs/opus": ">=0.8.0 <1.0.0",
        "ffmpeg-static": "^5.0.2 || ^4.2.7 || ^3.0.0 || ^2.4.0",
        "node-opus": "^0.3.3",
        "opusscript": "^0.0.8"
      },
      "peerDependenciesMeta": {
        "@discordjs/opus": {
          "optional": true
        },
        "ffmpeg-static": {
          "optional": true
        },
        "node-opus": {
          "optional": true
        },
        "opusscript": {
          "optional": true
        }
      }
    },
    "node_modules/require-addon": {
      "version": "1.2.0",
      "resolved": "https://registry.npmjs.org/require-addon/-/require-addon-1.2.0.tgz",
      "integrity": "sha512-VNPDZlYgIYQwWp9jMTzljx+k0ZtatKlcvOhktZ/anNPI3dQ9NXk7cq2U4iJ1wd9IrytRnYhyEocFWbkdPb+MYA==",
      "license": "Apache-2.0",
      "dependencies": {
        "bare-addon-resolve": "^1.3.0"
      },
      "engines": {
        "bare": ">=1.10.0"
      }
    },
    "node_modules/sodium-native": {
      "version": "5.1.0",
      "resolved": "https://registry.npmjs.org/sodium-native/-/sodium-native-5.1.0.tgz",
      "integrity": "sha512-3RxgyWyJlhTsABPnJVpCI5CoTDANZTqqFrEPqr+kjfnRaBihpVtMUE3yTF40ukdoB1APXeoBNKF3MzZAIHg39g==",
      "license": "MIT",
      "dependencies": {
        "bare-assert": "^1.2.0",
        "require-addon": "^1.1.0",
        "which-runtime": "^1.2.1"
      },
      "engines": {
        "bare": ">=1.16.0"
      }
    },
    "node_modules/streamx": {
      "version": "2.25.0",
      "resolved": "https://registry.npmjs.org/streamx/-/streamx-2.25.0.tgz",
      "integrity": "sha512-0nQuG6jf1w+wddNEEXCF4nTg3LtufWINB5eFEN+5TNZW7KWJp6x87+JFL43vaAUPyCfH1wID+mNVyW6OHtFamg==",
      "license": "MIT",
      "dependencies": {
        "events-universal": "^1.0.0",
        "fast-fifo": "^1.3.2",
        "text-decoder": "^1.1.0"
      }
    },
    "node_modules/teex": {
      "version": "1.0.1",
      "resolved": "https://registry.npmjs.org/teex/-/teex-1.0.1.tgz",
      "integrity": "sha512-eYE6iEI62Ni1H8oIa7KlDU6uQBtqr4Eajni3wX7rpfXD8ysFx8z0+dri+KWEPWpBsxXfxu58x/0jvTVT1ekOSg==",
      "license": "MIT",
      "dependencies": {
        "streamx": "^2.12.5"
      }
    },
    "node_modules/text-decoder": {
      "version": "1.2.7",
      "resolved": "https://registry.npmjs.org/text-decoder/-/text-decoder-1.2.7.tgz",
      "integrity": "sha512-vlLytXkeP4xvEq2otHeJfSQIRyWxo/oZGEbXrtEEF9Hnmrdly59sUbzZ/QgyWuLYHctCHxFF4tRQZNQ9k60ExQ==",
      "license": "Apache-2.0",
      "dependencies": {
        "b4a": "^1.6.4"
      }
    },
    "node_modules/ts-mixer": {
      "version": "6.0.4",
      "resolved": "https://registry.npmjs.org/ts-mixer/-/ts-mixer-6.0.4.tgz",
      "integrity": "sha512-ufKpbmrugz5Aou4wcr5Wc1UUFWOLhq+Fm6qa6P0w0K5Qw2yhaUoiWszhCVuNQyNwrlGiscHOmqYoAox1PtvgjA==",
      "license": "MIT"
    },
    "node_modules/tslib": {
      "version": "2.8.1",
      "resolved": "https://registry.npmjs.org/tslib/-/tslib-2.8.1.tgz",
      "integrity": "sha512-oJFu94HQb+KVduSUQL7wnpmqnfmLsOA/nAh6b6EH0wCEoK0/mPeXU6c3wKDV83MkOuHPRHtSXKKU99IBazS/2w==",
      "license": "0BSD"
    },
    "node_modules/tsx": {
      "version": "4.22.4",
      "resolved": "https://registry.npmjs.org/tsx/-/tsx-4.22.4.tgz",
      "integrity": "sha512-X8EX+XV4QR5xCsrgxaED954zTDfY8KqlDtskKEL0cHhyS/P8b4IFOvGDQpsC9Q1XnLq915wEfwwY/zzskCtmhg==",
      "dev": true,
      "license": "MIT",
      "dependencies": {
        "esbuild": "~0.28.0"
      },
      "bin": {
        "tsx": "dist/cli.mjs"
      },
      "engines": {
        "node": ">=18.0.0"
      },
      "optionalDependencies": {
        "fsevents": "~2.3.3"
      }
    },
    "node_modules/typescript": {
      "version": "6.0.3",
      "resolved": "https://registry.npmjs.org/typescript/-/typescript-6.0.3.tgz",
      "integrity": "sha512-y2TvuxSZPDyQakkFRPZHKFm+KKVqIisdg9/CZwm9ftvKXLP8NRWj38/ODjNbr43SsoXqNuAisEf1GdCxqWcdBw==",
      "dev": true,
      "license": "Apache-2.0",
      "bin": {
        "tsc": "bin/tsc",
        "tsserver": "bin/tsserver"
      },
      "engines": {
        "node": ">=14.17"
      }
    },
    "node_modules/undici": {
      "version": "6.24.1",
      "resolved": "https://registry.npmjs.org/undici/-/undici-6.24.1.tgz",
      "integrity": "sha512-sC+b0tB1whOCzbtlx20fx3WgCXwkW627p4EA9uM+/tNNPkSS+eSEld6pAs9nDv7WbY1UUljBMYPtu9BCOrCWKA==",
      "license": "MIT",
      "engines": {
        "node": ">=18.17"
      }
    },
    "node_modules/undici-types": {
      "version": "7.18.2",
      "resolved": "https://registry.npmjs.org/undici-types/-/undici-types-7.18.2.tgz",
      "integrity": "sha512-AsuCzffGHJybSaRrmr5eHr81mwJU3kjw6M+uprWvCXiNeN9SOGwQ3Jn8jb8m3Z6izVgknn1R0FTCEAP2QrLY/w==",
      "license": "MIT"
    },
    "node_modules/which-runtime": {
      "version": "1.3.2",
      "resolved": "https://registry.npmjs.org/which-runtime/-/which-runtime-1.3.2.tgz",
      "integrity": "sha512-5kwCfWml7+b2NO7KrLMhYihjRx0teKkd3yGp1Xk5Vaf2JGdSh+rgVhEALAD9c/59dP+YwJHXoEO7e8QPy7gOkw==",
      "license": "Apache-2.0"
    },
    "node_modules/ws": {
      "version": "8.19.0",
      "resolved": "https://registry.npmjs.org/ws/-/ws-8.19.0.tgz",
      "integrity": "sha512-blAT2mjOEIi0ZzruJfIhb3nps74PRWTCz1IjglWEEpQl5XS/UNama6u2/rjFkDDouqr4L67ry+1aGIALViWjDg==",
      "license": "MIT",
      "engines": {
        "node": ">=10.0.0"
      },
      "peerDependencies": {
        "bufferutil": "^4.0.1",
        "utf-8-validate": ">=5.0.2"
      },
      "peerDependenciesMeta": {
        "bufferutil": {
          "optional": true
        },
        "utf-8-validate": {
          "optional": true
        }
      }
    }
  }
}
